
Microsoft Visual Studio Solution File, Format Version 12.00
# Visual Studio Version 16
VisualStudioVersion = 16.0.29326.143
MinimumVisualStudioVersion = 10.0.40219.1
Project("{9A19103F-16F7-4668-BE54-9A1E7A4F7556}") = "ProjetManga", "ProjetManga\ProjetManga.csproj", "{F6B0AA5B-DBA4-433F-8B1D-5F48CBF5FAD8}"
EndProject
Project("{9A19103F-16F7-4668-BE54-9A1E7A4F7556}") = "TestFonctionnel", "TestFonctionnel\TestFonctionnel.csproj", "{7ECF27EE-0F03-405A-B2D7-4133EE81D105}"
EndProject
Project("{9A19103F-16F7-4668-BE54-9A1E7A4F7556}") = "Modele", "Modele\Modele.csproj", "{6593BDF5-B62E-4BF1-8DF5-DAA5EFB4FC72}"
EndProject
Project("{9A19103F-16F7-4668-BE54-9A1E7A4F7556}") = "TestUnitaire.cs", "TestUnitaire.cs\TestUnitaire.cs.csproj", "{229762AD-FF54-47A4-B2C9-459BECE6612B}"
EndProject
Project("{FAE04EC0-301F-11D3-BF4B-00C04F79EFBC}") = "Data", "Data\Data.csproj", "{607A7370-E2D9-45A6-9B7B-48DE5D6D0148}"
EndProject
Global
	GlobalSection(SolutionConfigurationPlatforms) = preSolution
		Debug|Any CPU = Debug|Any CPU
		Release|Any CPU = Release|Any CPU
	EndGlobalSection
	GlobalSection(ProjectConfigurationPlatforms) = postSolution
		{F6B0AA5B-DBA4-433F-8B1D-5F48CBF5FAD8}.Debug|Any CPU.ActiveCfg = Debug|Any CPU
		{F6B0AA5B-DBA4-433F-8B1D-5F48CBF5FAD8}.Debug|Any CPU.Build.0 = Debug|Any CPU
		{F6B0AA5B-DBA4-433F-8B1D-5F48CBF5FAD8}.Release|Any CPU.ActiveCfg = Release|Any CPU
		{F6B0AA5B-DBA4-433F-8B1D-5F48CBF5FAD8}.Release|Any CPU.Build.0 = Release|Any CPU
		{7ECF27EE-0F03-405A-B2D7-4133EE81D105}.Debug|Any CPU.ActiveCfg = Debug|Any CPU
		{7ECF27EE-0F03-405A-B2D7-4133EE81D105}.Debug|Any CPU.Build.0 = Debug|Any CPU
		{7ECF27EE-0F03-405A-B2D7-4133EE81D105}.Release|Any CPU.ActiveCfg = Release|Any CPU
		{7ECF27EE-0F03-405A-B2D7-4133EE81D105}.Release|Any CPU.Build.0 = Release|Any CPU
		{6593BDF5-B62E-4BF1-8DF5-DAA5EFB4FC72}.Debug|Any CPU.ActiveCfg = Debug|Any CPU
		{6593BDF5-B62E-4BF1-8DF5-DAA5EFB4FC72}.Debug|Any CPU.Build.0 = Debug|Any CPU
		{6593BDF5-B62E-4BF1-8DF5-DAA5EFB4FC72}.Release|Any CPU.ActiveCfg = Release|Any CPU
		{6593BDF5-B62E-4BF1-8DF5-DAA5EFB4FC72}.Release|Any CPU.Build.0 = Release|Any CPU
		{229762AD-FF54-47A4-B2C9-459BECE6612B}.Debug|Any CPU.ActiveCfg = Debug|Any CPU
		{229762AD-FF54-47A4-B2C9-459BECE6612B}.Debug|Any CPU.Build.0 = Debug|Any CPU
		{229762AD-FF54-47A4-B2C9-459BECE6612B}.Release|Any CPU.ActiveCfg = Release|Any CPU
		{229762AD-FF54-47A4-B2C9-459BECE6612B}.Release|Any CPU.Build.0 = Release|Any CPU
		{607A7370-E2D9-45A6-9B7B-48DE5D6D0148}.Debug|Any CPU.ActiveCfg = Debug|Any CPU
		{607A7370-E2D9-45A6-9B7B-48DE5D6D0148}.Debug|Any CPU.Build.0 = Debug|Any CPU
		{607A7370-E2D9-45A6-9B7B-48DE5D6D0148}.Release|Any CPU.ActiveCfg = Release|Any CPU
		{607A7370-E2D9-45A6-9B7B-48DE5D6D0148}.Release|Any CPU.Build.0 = Release|Any CPU
	EndGlobalSection
	GlobalSection(SolutionProperties) = preSolution
		HideSolutionNode = FALSE
	EndGlobalSection
	GlobalSection(ExtensibilityGlobals) = postSolution
		SolutionGuid = {91156A0C-047C-4761-97A1-E9BC72ACB3F0}
	EndGlobalSection
EndGlobal
